
Microsoft Visual Studio Solution File, Format Version 12.00
# Visual Studio Version 16
VisualStudioVersion = 16.0.29613.14
MinimumVisualStudioVersion = 10.0.40219.1
Project("{FAE04EC0-301F-11D3-BF4B-00C04F79EFBC}") = "CaptchaAppWPF", "CaptchaAppWPF\CaptchaAppWPF.csproj", "{9DF2EE51-1BAC-4302-9143-85B6297AFA8E}"
EndProject
Global
	GlobalSection(SolutionConfigurationPlatforms) = preSolution
		Debug|Any CPU = Debug|Any CPU
		Release|Any CPU = Release|Any CPU
	EndGlobalSection
	GlobalSection(ProjectConfigurationPlatforms) = postSolution
		{9DF2EE51-1BAC-4302-9143-85B6297AFA8E}.Debug|Any CPU.ActiveCfg = Debug|Any CPU
		{9DF2EE51-1BAC-4302-9143-85B6297AFA8E}.Debug|Any CPU.Build.0 = Debug|Any CPU
		{9DF2EE51-1BAC-4302-9143-85B6297AFA8E}.Release|Any CPU.ActiveCfg = Release|Any CPU
		{9DF2EE51-1BAC-4302-9143-85B6297AFA8E}.Release|Any CPU.Build.0 = Release|Any CPU
	EndGlobalSection
	GlobalSection(SolutionProperties) = preSolution
		HideSolutionNode = FALSE
	EndGlobalSection
	GlobalSection(ExtensibilityGlobals) = postSolution
		SolutionGuid = {83E250C5-D905-48E2-9D6A-B34FF22E828A}
	EndGlobalSection
EndGlobal
